<?xml version="1.0" encoding="utf-8"?>
<Project ToolsVersion="4.0" xmlns="http://schemas.microsoft.com/developer/msbuild/2003">
  <ItemGroup>
    <ClInclude Include="framework.h" />
    <ClInclude Include="pch.h" />
    <ClInclude Include="PlayerObject.h">
      <Filter>ABot\Hooks</Filter>
    </ClInclude>
    <ClInclude Include="Engine.h">
      <Filter>ABot\FMOD\Engine</Filter>
    </ClInclude>
    <ClInclude Include="AEngine.h">
      <Filter>ABot\ABot Engine</Filter>
    </ClInclude>
    <ClInclude Include="Data.h">
      <Filter>ABot\Pipe</Filter>
    </ClInclude>
    <ClInclude Include="Pipe.h">
      <Filter>ABot\Pipe</Filter>
    </ClInclude>
    <ClInclude Include="PlayLayer.h">
      <Filter>ABot\Hooks</Filter>
    </ClInclude>
    <ClInclude Include="GuiPipe.h">
      <Filter>ABot\Pipe</Filter>
    </ClInclude>
  </ItemGroup>
  <ItemGroup>
    <ClCompile Include="dllmain.cpp" />
    <ClCompile Include="pch.cpp" />
    <ClCompile Include="PlayerObject.cpp">
      <Filter>ABot\Hooks</Filter>
    </ClCompile>
    <ClCompile Include="Engine.cpp">
      <Filter>ABot\FMOD\Engine</Filter>
    </ClCompile>
    <ClCompile Include="AEngine.cpp">
      <Filter>ABot\ABot Engine</Filter>
    </ClCompile>
    <ClCompile Include="Pipe.cpp">
      <Filter>ABot\Pipe</Filter>
    </ClCompile>
    <ClCompile Include="PlayLayer.cpp">
      <Filter>ABot\Hooks</Filter>
    </ClCompile>
    <ClCompile Include="GuiPipe.cpp">
      <Filter>ABot\Pipe</Filter>
    </ClCompile>
  </ItemGroup>
  <ItemGroup>
    <Filter Include="ABot">
      <UniqueIdentifier>{1faa1753-a203-459c-a37b-c747fb4c80a8}</UniqueIdentifier>
    </Filter>
    <Filter Include="ABot\Hooks">
      <UniqueIdentifier>{d418a057-8fbf-4432-b238-f70a92ae786b}</UniqueIdentifier>
    </Filter>
    <Filter Include="ABot\FMOD">
      <UniqueIdentifier>{bc388c5b-5547-4cf2-a831-6671dbcfddd0}</UniqueIdentifier>
    </Filter>
    <Filter Include="ABot\FMOD\Engine">
      <UniqueIdentifier>{4bab5088-2325-44f6-8f00-a7497f352823}</UniqueIdentifier>
    </Filter>
    <Filter Include="ABot\Pipe">
      <UniqueIdentifier>{97d8490e-3f83-4085-8d33-e12bffc8ade4}</UniqueIdentifier>
    </Filter>
    <Filter Include="ABot\ABot Engine">
      <UniqueIdentifier>{98e9e897-a5d1-45af-8d29-465d0c28f282}</UniqueIdentifier>
    </Filter>
  </ItemGroup>
</Project>